
Microsoft Visual Studio Solution File, Format Version 12.00
# Visual Studio 15
VisualStudioVersion = 15.0.28307.1321
MinimumVisualStudioVersion = 10.0.40219.1
Project("{8BC9CEB8-8B4A-11D0-8D11-00A0C91BC942}") = "Day45_6.15", "Day45_6.15\Day45_6.15.vcxproj", "{038CC360-275D-424E-86DF-A0F3A292007E}"
EndProject
Global
	GlobalSection(SolutionConfigurationPlatforms) = preSolution
		Debug|x64 = Debug|x64
		Debug|x86 = Debug|x86
		Release|x64 = Release|x64
		Release|x86 = Release|x86
	EndGlobalSection
	GlobalSection(ProjectConfigurationPlatforms) = postSolution
		{038CC360-275D-424E-86DF-A0F3A292007E}.Debug|x64.ActiveCfg = Debug|x64
		{038CC360-275D-424E-86DF-A0F3A292007E}.Debug|x64.Build.0 = Debug|x64
		{038CC360-275D-424E-86DF-A0F3A292007E}.Debug|x86.ActiveCfg = Debug|Win32
		{038CC360-275D-424E-86DF-A0F3A292007E}.Debug|x86.Build.0 = Debug|Win32
		{038CC360-275D-424E-86DF-A0F3A292007E}.Release|x64.ActiveCfg = Release|x64
		{038CC360-275D-424E-86DF-A0F3A292007E}.Release|x64.Build.0 = Release|x64
		{038CC360-275D-424E-86DF-A0F3A292007E}.Release|x86.ActiveCfg = Release|Win32
		{038CC360-275D-424E-86DF-A0F3A292007E}.Release|x86.Build.0 = Release|Win32
	EndGlobalSection
	GlobalSection(SolutionProperties) = preSolution
		HideSolutionNode = FALSE
	EndGlobalSection
	GlobalSection(ExtensibilityGlobals) = postSolution
		SolutionGuid = {87E09EA1-F32B-4246-9365-8C004DCD664D}
	EndGlobalSection
EndGlobal
