
Microsoft Visual Studio Solution File, Format Version 12.00
# Visual Studio 15
VisualStudioVersion = 15.0.28307.1321
MinimumVisualStudioVersion = 10.0.40219.1
Project("{8BC9CEB8-8B4A-11D0-8D11-00A0C91BC942}") = "Day47_6.17", "Day47_6.17\Day47_6.17.vcxproj", "{51CEFE60-E205-4FC1-9203-E085201D5460}"
EndProject
Global
	GlobalSection(SolutionConfigurationPlatforms) = preSolution
		Debug|x64 = Debug|x64
		Debug|x86 = Debug|x86
		Release|x64 = Release|x64
		Release|x86 = Release|x86
	EndGlobalSection
	GlobalSection(ProjectConfigurationPlatforms) = postSolution
		{51CEFE60-E205-4FC1-9203-E085201D5460}.Debug|x64.ActiveCfg = Debug|x64
		{51CEFE60-E205-4FC1-9203-E085201D5460}.Debug|x64.Build.0 = Debug|x64
		{51CEFE60-E205-4FC1-9203-E085201D5460}.Debug|x86.ActiveCfg = Debug|Win32
		{51CEFE60-E205-4FC1-9203-E085201D5460}.Debug|x86.Build.0 = Debug|Win32
		{51CEFE60-E205-4FC1-9203-E085201D5460}.Release|x64.ActiveCfg = Release|x64
		{51CEFE60-E205-4FC1-9203-E085201D5460}.Release|x64.Build.0 = Release|x64
		{51CEFE60-E205-4FC1-9203-E085201D5460}.Release|x86.ActiveCfg = Release|Win32
		{51CEFE60-E205-4FC1-9203-E085201D5460}.Release|x86.Build.0 = Release|Win32
	EndGlobalSection
	GlobalSection(SolutionProperties) = preSolution
		HideSolutionNode = FALSE
	EndGlobalSection
	GlobalSection(ExtensibilityGlobals) = postSolution
		SolutionGuid = {26657034-4B47-46C2-8AAD-D87E4468CBAC}
	EndGlobalSection
EndGlobal
