
Microsoft Visual Studio Solution File, Format Version 12.00
# Visual Studio 15
VisualStudioVersion = 15.0.28307.1321
MinimumVisualStudioVersion = 10.0.40219.1
Project("{8BC9CEB8-8B4A-11D0-8D11-00A0C91BC942}") = "Day25_5.23", "Day25_5.23\Day25_5.23.vcxproj", "{A8C68F04-D155-47FF-AD52-880183AEB42A}"
EndProject
Global
	GlobalSection(SolutionConfigurationPlatforms) = preSolution
		Debug|x64 = Debug|x64
		Debug|x86 = Debug|x86
		Release|x64 = Release|x64
		Release|x86 = Release|x86
	EndGlobalSection
	GlobalSection(ProjectConfigurationPlatforms) = postSolution
		{A8C68F04-D155-47FF-AD52-880183AEB42A}.Debug|x64.ActiveCfg = Debug|x64
		{A8C68F04-D155-47FF-AD52-880183AEB42A}.Debug|x64.Build.0 = Debug|x64
		{A8C68F04-D155-47FF-AD52-880183AEB42A}.Debug|x86.ActiveCfg = Debug|Win32
		{A8C68F04-D155-47FF-AD52-880183AEB42A}.Debug|x86.Build.0 = Debug|Win32
		{A8C68F04-D155-47FF-AD52-880183AEB42A}.Release|x64.ActiveCfg = Release|x64
		{A8C68F04-D155-47FF-AD52-880183AEB42A}.Release|x64.Build.0 = Release|x64
		{A8C68F04-D155-47FF-AD52-880183AEB42A}.Release|x86.ActiveCfg = Release|Win32
		{A8C68F04-D155-47FF-AD52-880183AEB42A}.Release|x86.Build.0 = Release|Win32
	EndGlobalSection
	GlobalSection(SolutionProperties) = preSolution
		HideSolutionNode = FALSE
	EndGlobalSection
	GlobalSection(ExtensibilityGlobals) = postSolution
		SolutionGuid = {6DA27FC0-CA6D-43E9-A930-FA0B1B947E17}
	EndGlobalSection
EndGlobal
