
Microsoft Visual Studio Solution File, Format Version 12.00
# Visual Studio 15
VisualStudioVersion = 15.0.28307.1321
MinimumVisualStudioVersion = 10.0.40219.1
Project("{8BC9CEB8-8B4A-11D0-8D11-00A0C91BC942}") = "Day7_4.27", "Day7_4.27\Day7_4.27.vcxproj", "{F7111719-53F9-4E87-A255-B062BCAE825A}"
EndProject
Global
	GlobalSection(SolutionConfigurationPlatforms) = preSolution
		Debug|x64 = Debug|x64
		Debug|x86 = Debug|x86
		Release|x64 = Release|x64
		Release|x86 = Release|x86
	EndGlobalSection
	GlobalSection(ProjectConfigurationPlatforms) = postSolution
		{F7111719-53F9-4E87-A255-B062BCAE825A}.Debug|x64.ActiveCfg = Debug|x64
		{F7111719-53F9-4E87-A255-B062BCAE825A}.Debug|x64.Build.0 = Debug|x64
		{F7111719-53F9-4E87-A255-B062BCAE825A}.Debug|x86.ActiveCfg = Debug|Win32
		{F7111719-53F9-4E87-A255-B062BCAE825A}.Debug|x86.Build.0 = Debug|Win32
		{F7111719-53F9-4E87-A255-B062BCAE825A}.Release|x64.ActiveCfg = Release|x64
		{F7111719-53F9-4E87-A255-B062BCAE825A}.Release|x64.Build.0 = Release|x64
		{F7111719-53F9-4E87-A255-B062BCAE825A}.Release|x86.ActiveCfg = Release|Win32
		{F7111719-53F9-4E87-A255-B062BCAE825A}.Release|x86.Build.0 = Release|Win32
	EndGlobalSection
	GlobalSection(SolutionProperties) = preSolution
		HideSolutionNode = FALSE
	EndGlobalSection
	GlobalSection(ExtensibilityGlobals) = postSolution
		SolutionGuid = {809D6B34-8761-4354-B1E7-6821C7DECD71}
	EndGlobalSection
EndGlobal
