
Microsoft Visual Studio Solution File, Format Version 12.00
# Visual Studio 15
VisualStudioVersion = 15.0.28307.1321
MinimumVisualStudioVersion = 10.0.40219.1
Project("{8BC9CEB8-8B4A-11D0-8D11-00A0C91BC942}") = "Day3_4.20", "Day3_4.20\Day3_4.20.vcxproj", "{521A7F21-D900-4B0E-BE37-BFB89025A72E}"
EndProject
Global
	GlobalSection(SolutionConfigurationPlatforms) = preSolution
		Debug|x64 = Debug|x64
		Debug|x86 = Debug|x86
		Release|x64 = Release|x64
		Release|x86 = Release|x86
	EndGlobalSection
	GlobalSection(ProjectConfigurationPlatforms) = postSolution
		{521A7F21-D900-4B0E-BE37-BFB89025A72E}.Debug|x64.ActiveCfg = Debug|x64
		{521A7F21-D900-4B0E-BE37-BFB89025A72E}.Debug|x64.Build.0 = Debug|x64
		{521A7F21-D900-4B0E-BE37-BFB89025A72E}.Debug|x86.ActiveCfg = Debug|Win32
		{521A7F21-D900-4B0E-BE37-BFB89025A72E}.Debug|x86.Build.0 = Debug|Win32
		{521A7F21-D900-4B0E-BE37-BFB89025A72E}.Release|x64.ActiveCfg = Release|x64
		{521A7F21-D900-4B0E-BE37-BFB89025A72E}.Release|x64.Build.0 = Release|x64
		{521A7F21-D900-4B0E-BE37-BFB89025A72E}.Release|x86.ActiveCfg = Release|Win32
		{521A7F21-D900-4B0E-BE37-BFB89025A72E}.Release|x86.Build.0 = Release|Win32
	EndGlobalSection
	GlobalSection(SolutionProperties) = preSolution
		HideSolutionNode = FALSE
	EndGlobalSection
	GlobalSection(ExtensibilityGlobals) = postSolution
		SolutionGuid = {84CFE2CD-2067-465B-BC92-841305557944}
	EndGlobalSection
EndGlobal
