
Microsoft Visual Studio Solution File, Format Version 12.00
# Visual Studio 15
VisualStudioVersion = 15.0.28307.1321
MinimumVisualStudioVersion = 10.0.40219.1
Project("{8BC9CEB8-8B4A-11D0-8D11-00A0C91BC942}") = "OJ_test", "OJ_test\OJ_test.vcxproj", "{96AB352F-4345-4777-BCCE-1F2C316D6FA1}"
EndProject
Global
	GlobalSection(SolutionConfigurationPlatforms) = preSolution
		Debug|x64 = Debug|x64
		Debug|x86 = Debug|x86
		Release|x64 = Release|x64
		Release|x86 = Release|x86
	EndGlobalSection
	GlobalSection(ProjectConfigurationPlatforms) = postSolution
		{96AB352F-4345-4777-BCCE-1F2C316D6FA1}.Debug|x64.ActiveCfg = Debug|x64
		{96AB352F-4345-4777-BCCE-1F2C316D6FA1}.Debug|x64.Build.0 = Debug|x64
		{96AB352F-4345-4777-BCCE-1F2C316D6FA1}.Debug|x86.ActiveCfg = Debug|Win32
		{96AB352F-4345-4777-BCCE-1F2C316D6FA1}.Debug|x86.Build.0 = Debug|Win32
		{96AB352F-4345-4777-BCCE-1F2C316D6FA1}.Release|x64.ActiveCfg = Release|x64
		{96AB352F-4345-4777-BCCE-1F2C316D6FA1}.Release|x64.Build.0 = Release|x64
		{96AB352F-4345-4777-BCCE-1F2C316D6FA1}.Release|x86.ActiveCfg = Release|Win32
		{96AB352F-4345-4777-BCCE-1F2C316D6FA1}.Release|x86.Build.0 = Release|Win32
	EndGlobalSection
	GlobalSection(SolutionProperties) = preSolution
		HideSolutionNode = FALSE
	EndGlobalSection
	GlobalSection(ExtensibilityGlobals) = postSolution
		SolutionGuid = {76D21EE0-BB3E-4093-8DFD-E9BE87567605}
	EndGlobalSection
EndGlobal
