
Microsoft Visual Studio Solution File, Format Version 12.00
# Visual Studio 15
VisualStudioVersion = 15.0.28307.1321
MinimumVisualStudioVersion = 10.0.40219.1
Project("{8BC9CEB8-8B4A-11D0-8D11-00A0C91BC942}") = "Day48_6.18", "Day48_6.18\Day48_6.18.vcxproj", "{BE686271-74C8-4484-A202-A16CC566366D}"
EndProject
Global
	GlobalSection(SolutionConfigurationPlatforms) = preSolution
		Debug|x64 = Debug|x64
		Debug|x86 = Debug|x86
		Release|x64 = Release|x64
		Release|x86 = Release|x86
	EndGlobalSection
	GlobalSection(ProjectConfigurationPlatforms) = postSolution
		{BE686271-74C8-4484-A202-A16CC566366D}.Debug|x64.ActiveCfg = Debug|x64
		{BE686271-74C8-4484-A202-A16CC566366D}.Debug|x64.Build.0 = Debug|x64
		{BE686271-74C8-4484-A202-A16CC566366D}.Debug|x86.ActiveCfg = Debug|Win32
		{BE686271-74C8-4484-A202-A16CC566366D}.Debug|x86.Build.0 = Debug|Win32
		{BE686271-74C8-4484-A202-A16CC566366D}.Release|x64.ActiveCfg = Release|x64
		{BE686271-74C8-4484-A202-A16CC566366D}.Release|x64.Build.0 = Release|x64
		{BE686271-74C8-4484-A202-A16CC566366D}.Release|x86.ActiveCfg = Release|Win32
		{BE686271-74C8-4484-A202-A16CC566366D}.Release|x86.Build.0 = Release|Win32
	EndGlobalSection
	GlobalSection(SolutionProperties) = preSolution
		HideSolutionNode = FALSE
	EndGlobalSection
	GlobalSection(ExtensibilityGlobals) = postSolution
		SolutionGuid = {30081801-D2A2-481A-A49D-4418C28E6C58}
	EndGlobalSection
EndGlobal
