
Microsoft Visual Studio Solution File, Format Version 12.00
# Visual Studio 15
VisualStudioVersion = 15.0.28307.1321
MinimumVisualStudioVersion = 10.0.40219.1
Project("{8BC9CEB8-8B4A-11D0-8D11-00A0C91BC942}") = "Day23_5.21", "Day23_5.21\Day23_5.21.vcxproj", "{D56AA32C-E036-4632-9E50-CAD5E41623A2}"
EndProject
Global
	GlobalSection(SolutionConfigurationPlatforms) = preSolution
		Debug|x64 = Debug|x64
		Debug|x86 = Debug|x86
		Release|x64 = Release|x64
		Release|x86 = Release|x86
	EndGlobalSection
	GlobalSection(ProjectConfigurationPlatforms) = postSolution
		{D56AA32C-E036-4632-9E50-CAD5E41623A2}.Debug|x64.ActiveCfg = Debug|x64
		{D56AA32C-E036-4632-9E50-CAD5E41623A2}.Debug|x64.Build.0 = Debug|x64
		{D56AA32C-E036-4632-9E50-CAD5E41623A2}.Debug|x86.ActiveCfg = Debug|Win32
		{D56AA32C-E036-4632-9E50-CAD5E41623A2}.Debug|x86.Build.0 = Debug|Win32
		{D56AA32C-E036-4632-9E50-CAD5E41623A2}.Release|x64.ActiveCfg = Release|x64
		{D56AA32C-E036-4632-9E50-CAD5E41623A2}.Release|x64.Build.0 = Release|x64
		{D56AA32C-E036-4632-9E50-CAD5E41623A2}.Release|x86.ActiveCfg = Release|Win32
		{D56AA32C-E036-4632-9E50-CAD5E41623A2}.Release|x86.Build.0 = Release|Win32
	EndGlobalSection
	GlobalSection(SolutionProperties) = preSolution
		HideSolutionNode = FALSE
	EndGlobalSection
	GlobalSection(ExtensibilityGlobals) = postSolution
		SolutionGuid = {D6DD15BB-66D1-40BC-83FC-8D0BF3F88EE8}
	EndGlobalSection
EndGlobal
