
Microsoft Visual Studio Solution File, Format Version 12.00
# Visual Studio 15
VisualStudioVersion = 15.0.28307.1321
MinimumVisualStudioVersion = 10.0.40219.1
Project("{8BC9CEB8-8B4A-11D0-8D11-00A0C91BC942}") = "Day32_5.31", "Day32_5.31\Day32_5.31.vcxproj", "{261AEE3A-EC08-450D-AAF4-35FF403631F3}"
EndProject
Global
	GlobalSection(SolutionConfigurationPlatforms) = preSolution
		Debug|x64 = Debug|x64
		Debug|x86 = Debug|x86
		Release|x64 = Release|x64
		Release|x86 = Release|x86
	EndGlobalSection
	GlobalSection(ProjectConfigurationPlatforms) = postSolution
		{261AEE3A-EC08-450D-AAF4-35FF403631F3}.Debug|x64.ActiveCfg = Debug|x64
		{261AEE3A-EC08-450D-AAF4-35FF403631F3}.Debug|x64.Build.0 = Debug|x64
		{261AEE3A-EC08-450D-AAF4-35FF403631F3}.Debug|x86.ActiveCfg = Debug|Win32
		{261AEE3A-EC08-450D-AAF4-35FF403631F3}.Debug|x86.Build.0 = Debug|Win32
		{261AEE3A-EC08-450D-AAF4-35FF403631F3}.Release|x64.ActiveCfg = Release|x64
		{261AEE3A-EC08-450D-AAF4-35FF403631F3}.Release|x64.Build.0 = Release|x64
		{261AEE3A-EC08-450D-AAF4-35FF403631F3}.Release|x86.ActiveCfg = Release|Win32
		{261AEE3A-EC08-450D-AAF4-35FF403631F3}.Release|x86.Build.0 = Release|Win32
	EndGlobalSection
	GlobalSection(SolutionProperties) = preSolution
		HideSolutionNode = FALSE
	EndGlobalSection
	GlobalSection(ExtensibilityGlobals) = postSolution
		SolutionGuid = {B57B3935-3698-412E-967E-C4C4D5382865}
	EndGlobalSection
EndGlobal
