
Microsoft Visual Studio Solution File, Format Version 12.00
# Visual Studio 15
VisualStudioVersion = 15.0.28307.1321
MinimumVisualStudioVersion = 10.0.40219.1
Project("{8BC9CEB8-8B4A-11D0-8D11-00A0C91BC942}") = "Day18_5.15", "Day18_5.15\Day18_5.15.vcxproj", "{AA5C6FC3-7523-4E7F-8D2A-34E04CF4B5A4}"
EndProject
Global
	GlobalSection(SolutionConfigurationPlatforms) = preSolution
		Debug|x64 = Debug|x64
		Debug|x86 = Debug|x86
		Release|x64 = Release|x64
		Release|x86 = Release|x86
	EndGlobalSection
	GlobalSection(ProjectConfigurationPlatforms) = postSolution
		{AA5C6FC3-7523-4E7F-8D2A-34E04CF4B5A4}.Debug|x64.ActiveCfg = Debug|x64
		{AA5C6FC3-7523-4E7F-8D2A-34E04CF4B5A4}.Debug|x64.Build.0 = Debug|x64
		{AA5C6FC3-7523-4E7F-8D2A-34E04CF4B5A4}.Debug|x86.ActiveCfg = Debug|Win32
		{AA5C6FC3-7523-4E7F-8D2A-34E04CF4B5A4}.Debug|x86.Build.0 = Debug|Win32
		{AA5C6FC3-7523-4E7F-8D2A-34E04CF4B5A4}.Release|x64.ActiveCfg = Release|x64
		{AA5C6FC3-7523-4E7F-8D2A-34E04CF4B5A4}.Release|x64.Build.0 = Release|x64
		{AA5C6FC3-7523-4E7F-8D2A-34E04CF4B5A4}.Release|x86.ActiveCfg = Release|Win32
		{AA5C6FC3-7523-4E7F-8D2A-34E04CF4B5A4}.Release|x86.Build.0 = Release|Win32
	EndGlobalSection
	GlobalSection(SolutionProperties) = preSolution
		HideSolutionNode = FALSE
	EndGlobalSection
	GlobalSection(ExtensibilityGlobals) = postSolution
		SolutionGuid = {EF8FBF70-A6B8-42C7-B6BC-1C0B9C092CE1}
	EndGlobalSection
EndGlobal
